
Microsoft Visual Studio Solution File, Format Version 12.00
# Visual Studio Version 16
VisualStudioVersion = 16.0.31729.503
MinimumVisualStudioVersion = 10.0.40219.1
Project("{FAE04EC0-301F-11D3-BF4B-00C04F79EFBC}") = "CSC236_JPetersen_ChatApp", "CSC236_JPetersen_ChatApp.csproj", "{488599A6-FB92-49D0-A011-02F322113179}"
EndProject
Project("{9A19103F-16F7-4668-BE54-9A1E7A4F7556}") = "CSC236_JPetersen_ChatAppServer", "ChatAppServer\CSC236_JPetersen_ChatAppServer\CSC236_JPetersen_ChatAppServer.csproj", "{B08335CC-7BD3-41CE-9DC9-AE65ABA7898F}"
EndProject
Global
	GlobalSection(SolutionConfigurationPlatforms) = preSolution
		Debug|Any CPU = Debug|Any CPU
		Release|Any CPU = Release|Any CPU
	EndGlobalSection
	GlobalSection(ProjectConfigurationPlatforms) = postSolution
		{488599A6-FB92-49D0-A011-02F322113179}.Debug|Any CPU.ActiveCfg = Debug|Any CPU
		{488599A6-FB92-49D0-A011-02F322113179}.Debug|Any CPU.Build.0 = Debug|Any CPU
		{488599A6-FB92-49D0-A011-02F322113179}.Release|Any CPU.ActiveCfg = Release|Any CPU
		{488599A6-FB92-49D0-A011-02F322113179}.Release|Any CPU.Build.0 = Release|Any CPU
		{B08335CC-7BD3-41CE-9DC9-AE65ABA7898F}.Debug|Any CPU.ActiveCfg = Debug|Any CPU
		{B08335CC-7BD3-41CE-9DC9-AE65ABA7898F}.Debug|Any CPU.Build.0 = Debug|Any CPU
		{B08335CC-7BD3-41CE-9DC9-AE65ABA7898F}.Release|Any CPU.ActiveCfg = Release|Any CPU
		{B08335CC-7BD3-41CE-9DC9-AE65ABA7898F}.Release|Any CPU.Build.0 = Release|Any CPU
	EndGlobalSection
	GlobalSection(SolutionProperties) = preSolution
		HideSolutionNode = FALSE
	EndGlobalSection
	GlobalSection(ExtensibilityGlobals) = postSolution
		SolutionGuid = {F80C2066-28AE-4219-9892-0CB8CCDB9E77}
	EndGlobalSection
EndGlobal
